
Microsoft Visual Studio Solution File, Format Version 12.00
# Visual Studio 14
VisualStudioVersion = 14.0.25420.1
MinimumVisualStudioVersion = 10.0.40219.1
Project("{2150E333-8FDC-42A3-9474-1A3956D46DE8}") = "Win10UI", "Win10UI", "{8717F451-086D-4159-98E3-1D945BFFD5AD}"
EndProject
Project("{39E2626F-3545-4960-A6E8-258AD8476CE5}") = "Win10UI.Packaging", "Win10UI\Win10UI.Packaging\Win10UI.Packaging.androidproj", "{99B2EB94-9645-4DCA-8062-6A65E02634C1}"
EndProject
Project("{8BC9CEB8-8B4A-11D0-8D11-00A0C91BC942}") = "Win10UI.NativeActivity", "Win10UI\Win10UI.NativeActivity\Win10UI.NativeActivity.vcxproj", "{6D1533BF-1240-44B1-A0BE-0BB7D7D2726C}"
EndProject
Global
	GlobalSection(SolutionConfigurationPlatforms) = preSolution
		Debug|ARM = Debug|ARM
		Debug|ARM64 = Debug|ARM64
		Debug|x64 = Debug|x64
		Debug|x86 = Debug|x86
		Release|ARM = Release|ARM
		Release|ARM64 = Release|ARM64
		Release|x64 = Release|x64
		Release|x86 = Release|x86
	EndGlobalSection
	GlobalSection(ProjectConfigurationPlatforms) = postSolution
		{99B2EB94-9645-4DCA-8062-6A65E02634C1}.Debug|ARM.ActiveCfg = Debug|ARM
		{99B2EB94-9645-4DCA-8062-6A65E02634C1}.Debug|ARM.Build.0 = Debug|ARM
		{99B2EB94-9645-4DCA-8062-6A65E02634C1}.Debug|ARM.Deploy.0 = Debug|ARM
		{99B2EB94-9645-4DCA-8062-6A65E02634C1}.Debug|ARM64.ActiveCfg = Debug|ARM64
		{99B2EB94-9645-4DCA-8062-6A65E02634C1}.Debug|ARM64.Build.0 = Debug|ARM64
		{99B2EB94-9645-4DCA-8062-6A65E02634C1}.Debug|ARM64.Deploy.0 = Debug|ARM64
		{99B2EB94-9645-4DCA-8062-6A65E02634C1}.Debug|x64.ActiveCfg = Debug|x64
		{99B2EB94-9645-4DCA-8062-6A65E02634C1}.Debug|x64.Build.0 = Debug|x64
		{99B2EB94-9645-4DCA-8062-6A65E02634C1}.Debug|x64.Deploy.0 = Debug|x64
		{99B2EB94-9645-4DCA-8062-6A65E02634C1}.Debug|x86.ActiveCfg = Debug|x86
		{99B2EB94-9645-4DCA-8062-6A65E02634C1}.Debug|x86.Build.0 = Debug|x86
		{99B2EB94-9645-4DCA-8062-6A65E02634C1}.Debug|x86.Deploy.0 = Debug|x86
		{99B2EB94-9645-4DCA-8062-6A65E02634C1}.Release|ARM.ActiveCfg = Release|ARM
		{99B2EB94-9645-4DCA-8062-6A65E02634C1}.Release|ARM.Build.0 = Release|ARM
		{99B2EB94-9645-4DCA-8062-6A65E02634C1}.Release|ARM.Deploy.0 = Release|ARM
		{99B2EB94-9645-4DCA-8062-6A65E02634C1}.Release|ARM64.ActiveCfg = Release|ARM64
		{99B2EB94-9645-4DCA-8062-6A65E02634C1}.Release|ARM64.Build.0 = Release|ARM64
		{99B2EB94-9645-4DCA-8062-6A65E02634C1}.Release|ARM64.Deploy.0 = Release|ARM64
		{99B2EB94-9645-4DCA-8062-6A65E02634C1}.Release|x64.ActiveCfg = Release|x64
		{99B2EB94-9645-4DCA-8062-6A65E02634C1}.Release|x64.Build.0 = Release|x64
		{99B2EB94-9645-4DCA-8062-6A65E02634C1}.Release|x64.Deploy.0 = Release|x64
		{99B2EB94-9645-4DCA-8062-6A65E02634C1}.Release|x86.ActiveCfg = Release|x86
		{99B2EB94-9645-4DCA-8062-6A65E02634C1}.Release|x86.Build.0 = Release|x86
		{99B2EB94-9645-4DCA-8062-6A65E02634C1}.Release|x86.Deploy.0 = Release|x86
		{6D1533BF-1240-44B1-A0BE-0BB7D7D2726C}.Debug|ARM.ActiveCfg = Debug|ARM
		{6D1533BF-1240-44B1-A0BE-0BB7D7D2726C}.Debug|ARM.Build.0 = Debug|ARM
		{6D1533BF-1240-44B1-A0BE-0BB7D7D2726C}.Debug|ARM64.ActiveCfg = Debug|ARM64
		{6D1533BF-1240-44B1-A0BE-0BB7D7D2726C}.Debug|ARM64.Build.0 = Debug|ARM64
		{6D1533BF-1240-44B1-A0BE-0BB7D7D2726C}.Debug|x64.ActiveCfg = Debug|x64
		{6D1533BF-1240-44B1-A0BE-0BB7D7D2726C}.Debug|x64.Build.0 = Debug|x64
		{6D1533BF-1240-44B1-A0BE-0BB7D7D2726C}.Debug|x86.ActiveCfg = Debug|x86
		{6D1533BF-1240-44B1-A0BE-0BB7D7D2726C}.Debug|x86.Build.0 = Debug|x86
		{6D1533BF-1240-44B1-A0BE-0BB7D7D2726C}.Release|ARM.ActiveCfg = Release|ARM
		{6D1533BF-1240-44B1-A0BE-0BB7D7D2726C}.Release|ARM.Build.0 = Release|ARM
		{6D1533BF-1240-44B1-A0BE-0BB7D7D2726C}.Release|ARM64.ActiveCfg = Release|ARM64
		{6D1533BF-1240-44B1-A0BE-0BB7D7D2726C}.Release|ARM64.Build.0 = Release|ARM64
		{6D1533BF-1240-44B1-A0BE-0BB7D7D2726C}.Release|x64.ActiveCfg = Release|x64
		{6D1533BF-1240-44B1-A0BE-0BB7D7D2726C}.Release|x64.Build.0 = Release|x64
		{6D1533BF-1240-44B1-A0BE-0BB7D7D2726C}.Release|x86.ActiveCfg = Release|x86
		{6D1533BF-1240-44B1-A0BE-0BB7D7D2726C}.Release|x86.Build.0 = Release|x86
	EndGlobalSection
	GlobalSection(SolutionProperties) = preSolution
		HideSolutionNode = FALSE
	EndGlobalSection
	GlobalSection(NestedProjects) = preSolution
		{99B2EB94-9645-4DCA-8062-6A65E02634C1} = {8717F451-086D-4159-98E3-1D945BFFD5AD}
		{6D1533BF-1240-44B1-A0BE-0BB7D7D2726C} = {8717F451-086D-4159-98E3-1D945BFFD5AD}
	EndGlobalSection
EndGlobal
