<?xml version="1.0" encoding="utf-8"?>
<Project ToolsVersion="4.0" xmlns="http://schemas.microsoft.com/developer/msbuild/2003">
  <ItemGroup>
    <ClCompile Include="main.cpp" />
    <ClCompile Include="hook\hook.cpp">
      <Filter>hook</Filter>
    </ClCompile>
  </ItemGroup>
  <ItemGroup>
    <Filter Include="header">
      <UniqueIdentifier>{250daba1-7283-4c52-9733-fcde9c836cd0}</UniqueIdentifier>
    </Filter>
    <Filter Include="hook">
      <UniqueIdentifier>{b6aa89cb-817a-49ab-a49e-8a0b38b21d49}</UniqueIdentifier>
    </Filter>
  </ItemGroup>
  <ItemGroup>
    <ClInclude Include="..\..\..\..\MCPE-Headers\ResourceLocation.h">
      <Filter>header</Filter>
    </ClInclude>
    <ClInclude Include="..\..\..\..\MCPE-Headers\Screen.h">
      <Filter>header</Filter>
    </ClInclude>
    <ClInclude Include="..\..\..\..\MCPE-Headers\ScreenChooser.h">
      <Filter>header</Filter>
    </ClInclude>
    <ClInclude Include="..\..\..\..\MCPE-Headers\ScreenController.h">
      <Filter>header</Filter>
    </ClInclude>
    <ClInclude Include="..\..\..\..\MCPE-Headers\ScreenRenderer.h">
      <Filter>header</Filter>
    </ClInclude>
    <ClInclude Include="..\..\..\..\MCPE-Headers\ScreenView.h">
      <Filter>header</Filter>
    </ClInclude>
    <ClInclude Include="..\..\..\..\MCPE-Headers\ScreenViewAdapter.h">
      <Filter>header</Filter>
    </ClInclude>
    <ClInclude Include="..\..\..\..\MCPE-Headers\ScrollingPane.h">
      <Filter>header</Filter>
    </ClInclude>
    <ClInclude Include="..\..\..\..\MCPE-Headers\Sensing.h">
      <Filter>header</Filter>
    </ClInclude>
    <ClInclude Include="..\..\..\..\MCPE-Headers\ServerLevel.h">
      <Filter>header</Filter>
    </ClInclude>
    <ClInclude Include="..\..\..\..\MCPE-Headers\ServerNetworkHandler.h">
      <Filter>header</Filter>
    </ClInclude>
    <ClInclude Include="..\..\..\..\MCPE-Headers\ServerPlayer.h">
      <Filter>header</Filter>
    </ClInclude>
    <ClInclude Include="..\..\..\..\MCPE-Headers\SharedAttributes.h">
      <Filter>header</Filter>
    </ClInclude>
    <ClInclude Include="..\..\..\..\MCPE-Headers\SharedConstants.h">
      <Filter>header</Filter>
    </ClInclude>
    <ClInclude Include="..\..\..\..\MCPE-Headers\SkinInfoData.h">
      <Filter>header</Filter>
    </ClInclude>
    <ClInclude Include="..\..\..\..\MCPE-Headers\SkinInfoFactory.h">
      <Filter>header</Filter>
    </ClInclude>
    <ClInclude Include="..\..\..\..\MCPE-Headers\SmallFireball.h">
      <Filter>header</Filter>
    </ClInclude>
    <ClInclude Include="..\..\..\..\MCPE-Headers\StickDirection.h">
      <Filter>header</Filter>
    </ClInclude>
    <ClInclude Include="..\..\..\..\MCPE-Headers\StringHash.h">
      <Filter>header</Filter>
    </ClInclude>
    <ClInclude Include="..\..\..\..\MCPE-Headers\SurvivalMode.h">
      <Filter>header</Filter>
    </ClInclude>
    <ClInclude Include="..\..\..\..\MCPE-Headers\TemporalAttributeBuff.h">
      <Filter>header</Filter>
    </ClInclude>
    <ClInclude Include="..\..\..\..\MCPE-Headers\UIControl.h">
      <Filter>header</Filter>
    </ClInclude>
    <ClInclude Include="..\..\..\..\MCPE-Headers\UIControlFactory.h">
      <Filter>header</Filter>
    </ClInclude>
    <ClInclude Include="..\..\..\..\MCPE-Headers\UIDefRepository.h">
      <Filter>header</Filter>
    </ClInclude>
    <ClInclude Include="..\..\..\..\MCPE-Headers\UIPropertyBag.h">
      <Filter>header</Filter>
    </ClInclude>
    <ClInclude Include="..\..\..\..\MCPE-Headers\Util.h">
      <Filter>header</Filter>
    </ClInclude>
    <ClInclude Include="..\..\..\..\MCPE-Headers\Vec2.h">
      <Filter>header</Filter>
    </ClInclude>
    <ClInclude Include="..\..\..\..\MCPE-Headers\Vec3.h">
      <Filter>header</Filter>
    </ClInclude>
    <ClInclude Include="..\..\..\..\MCPE-Headers\Vibration.h">
      <Filter>header</Filter>
    </ClInclude>
    <ClInclude Include="..\..\..\..\MCPE-Headers\Zombie.h">
      <Filter>header</Filter>
    </ClInclude>
    <ClInclude Include="..\..\..\..\MCPE-Headers\packet\AnimatePacket.h">
      <Filter>header</Filter>
    </ClInclude>
    <ClInclude Include="..\..\..\..\MCPE-Headers\packet\ContainerClosePacket.h">
      <Filter>header</Filter>
    </ClInclude>
    <ClInclude Include="..\..\..\..\MCPE-Headers\packet\EntityEventPacket.h">
      <Filter>header</Filter>
    </ClInclude>
    <ClInclude Include="..\..\..\..\MCPE-Headers\packet\MobArmorEquipmentPacket.h">
      <Filter>header</Filter>
    </ClInclude>
    <ClInclude Include="..\..\..\..\MCPE-Headers\packet\MobEquipmentPacket.h">
      <Filter>header</Filter>
    </ClInclude>
    <ClInclude Include="..\..\..\..\MCPE-Headers\packet\MovePlayerPacket.h">
      <Filter>header</Filter>
    </ClInclude>
    <ClInclude Include="..\..\..\..\MCPE-Headers\packet\Packet.h">
      <Filter>header</Filter>
    </ClInclude>
    <ClInclude Include="..\..\..\..\MCPE-Headers\packet\PlayerActionPacket.h">
      <Filter>header</Filter>
    </ClInclude>
    <ClInclude Include="..\..\..\..\MCPE-Headers\packet\PlayerInputPacket.h">
      <Filter>header</Filter>
    </ClInclude>
    <ClInclude Include="..\..\..\..\MCPE-Headers\packet\RequestChunkRadiusPacket.h">
      <Filter>header</Filter>
    </ClInclude>
    <ClInclude Include="..\..\..\..\MCPE-Headers\packet\RiderJumpPacket.h">
      <Filter>header</Filter>
    </ClInclude>
    <ClInclude Include="..\..\..\..\MCPE-Headers\packet\TextPacket.h">
      <Filter>header</Filter>
    </ClInclude>
    <ClInclude Include="..\..\..\..\MCPE-Headers\AABB.h">
      <Filter>header</Filter>
    </ClInclude>
    <ClInclude Include="..\..\..\..\MCPE-Headers\Abilities.h">
      <Filter>header</Filter>
    </ClInclude>
    <ClInclude Include="..\..\..\..\MCPE-Headers\AbstractScreen.h">
      <Filter>header</Filter>
    </ClInclude>
    <ClInclude Include="..\..\..\..\MCPE-Headers\AdventureSettings.h">
      <Filter>header</Filter>
    </ClInclude>
    <ClInclude Include="..\..\..\..\MCPE-Headers\App.h">
      <Filter>header</Filter>
    </ClInclude>
    <ClInclude Include="..\..\..\..\MCPE-Headers\AppPlatform.h">
      <Filter>header</Filter>
    </ClInclude>
    <ClInclude Include="..\..\..\..\MCPE-Headers\AppPlatform_android.h">
      <Filter>header</Filter>
    </ClInclude>
    <ClInclude Include="..\..\..\..\MCPE-Headers\AppPlatformListener.h">
      <Filter>header</Filter>
    </ClInclude>
    <ClInclude Include="..\..\..\..\MCPE-Headers\ArmorSlot.h">
      <Filter>header</Filter>
    </ClInclude>
    <ClInclude Include="..\..\..\..\MCPE-Headers\Attribute.h">
      <Filter>header</Filter>
    </ClInclude>
    <ClInclude Include="..\..\..\..\MCPE-Headers\AttributeBuff.h">
      <Filter>header</Filter>
    </ClInclude>
    <ClInclude Include="..\..\..\..\MCPE-Headers\AttributeInstance.h">
      <Filter>header</Filter>
    </ClInclude>
    <ClInclude Include="..\..\..\..\MCPE-Headers\AttributeInstanceDelegate.h">
      <Filter>header</Filter>
    </ClInclude>
    <ClInclude Include="..\..\..\..\MCPE-Headers\AttributeModifier.h">
      <Filter>header</Filter>
    </ClInclude>
    <ClInclude Include="..\..\..\..\MCPE-Headers\BaseAttributeMap.h">
      <Filter>header</Filter>
    </ClInclude>
    <ClInclude Include="..\..\..\..\MCPE-Headers\BaseScreen.h">
      <Filter>header</Filter>
    </ClInclude>
    <ClInclude Include="..\..\..\..\MCPE-Headers\BatchedPacketSender.h">
      <Filter>header</Filter>
    </ClInclude>
    <ClInclude Include="..\..\..\..\MCPE-Headers\Biome.h">
      <Filter>header</Filter>
    </ClInclude>
    <ClInclude Include="..\..\..\..\MCPE-Headers\BlankButton.h">
      <Filter>header</Filter>
    </ClInclude>
    <ClInclude Include="..\..\..\..\MCPE-Headers\Block.h">
      <Filter>header</Filter>
    </ClInclude>
    <ClInclude Include="..\..\..\..\MCPE-Headers\BlockGraphics.h">
      <Filter>header</Filter>
    </ClInclude>
    <ClInclude Include="..\..\..\..\MCPE-Headers\BlockPos.h">
      <Filter>header</Filter>
    </ClInclude>
    <ClInclude Include="..\..\..\..\MCPE-Headers\BlockProperty.h">
      <Filter>header</Filter>
    </ClInclude>
    <ClInclude Include="..\..\..\..\MCPE-Headers\BlockSource.h">
      <Filter>header</Filter>
    </ClInclude>
    <ClInclude Include="..\..\..\..\MCPE-Headers\BlockSourceListener.h">
      <Filter>header</Filter>
    </ClInclude>
    <ClInclude Include="..\..\..\..\MCPE-Headers\BodyControl.h">
      <Filter>header</Filter>
    </ClInclude>
    <ClInclude Include="..\..\..\..\MCPE-Headers\Button.h">
      <Filter>header</Filter>
    </ClInclude>
    <ClInclude Include="..\..\..\..\MCPE-Headers\ButtonBlock.h">
      <Filter>header</Filter>
    </ClInclude>
    <ClInclude Include="..\..\..\..\MCPE-Headers\ChestBlock.h">
      <Filter>header</Filter>
    </ClInclude>
    <ClInclude Include="..\..\..\..\MCPE-Headers\ChestScreen.h">
      <Filter>header</Filter>
    </ClInclude>
    <ClInclude Include="..\..\..\..\MCPE-Headers\ClientNetworkHandler.h">
      <Filter>header</Filter>
    </ClInclude>
    <ClInclude Include="..\..\..\..\MCPE-Headers\ClientSkinInfoData.h">
      <Filter>header</Filter>
    </ClInclude>
    <ClInclude Include="..\..\..\..\MCPE-Headers\Color.h">
      <Filter>header</Filter>
    </ClInclude>
    <ClInclude Include="..\..\..\..\MCPE-Headers\CommonTypes.h">
      <Filter>header</Filter>
    </ClInclude>
    <ClInclude Include="..\..\..\..\MCPE-Headers\Container.h">
      <Filter>header</Filter>
    </ClInclude>
    <ClInclude Include="..\..\..\..\MCPE-Headers\CreativeItemCategory.h">
      <Filter>header</Filter>
    </ClInclude>
    <ClInclude Include="..\..\..\..\MCPE-Headers\CreativeMode.h">
      <Filter>header</Filter>
    </ClInclude>
    <ClInclude Include="..\..\..\..\MCPE-Headers\Difficulty.h">
      <Filter>header</Filter>
    </ClInclude>
    <ClInclude Include="..\..\..\..\MCPE-Headers\Dimension.h">
      <Filter>header</Filter>
    </ClInclude>
    <ClInclude Include="..\..\..\..\MCPE-Headers\DimensionId.h">
      <Filter>header</Filter>
    </ClInclude>
    <ClInclude Include="..\..\..\..\MCPE-Headers\DisconnectScreenController.h">
      <Filter>header</Filter>
    </ClInclude>
    <ClInclude Include="..\..\..\..\MCPE-Headers\Enchant.h">
      <Filter>header</Filter>
    </ClInclude>
    <ClInclude Include="..\..\..\..\MCPE-Headers\EnchantmentInstance.h">
      <Filter>header</Filter>
    </ClInclude>
    <ClInclude Include="..\..\..\..\MCPE-Headers\EnchantUtils.h">
      <Filter>header</Filter>
    </ClInclude>
    <ClInclude Include="..\..\..\..\MCPE-Headers\Entity.h">
      <Filter>header</Filter>
    </ClInclude>
    <ClInclude Include="..\..\..\..\MCPE-Headers\EntityClassTree.h">
      <Filter>header</Filter>
    </ClInclude>
    <ClInclude Include="..\..\..\..\MCPE-Headers\EntityDamageByBlockSource.h">
      <Filter>header</Filter>
    </ClInclude>
    <ClInclude Include="..\..\..\..\MCPE-Headers\EntityDamageByChildEntitySource.h">
      <Filter>header</Filter>
    </ClInclude>
    <ClInclude Include="..\..\..\..\MCPE-Headers\EntityDamageByEntitySource.h">
      <Filter>header</Filter>
    </ClInclude>
    <ClInclude Include="..\..\..\..\MCPE-Headers\EntityDamageCause.h">
      <Filter>header</Filter>
    </ClInclude>
    <ClInclude Include="..\..\..\..\MCPE-Headers\EntityDamageSource.h">
      <Filter>header</Filter>
    </ClInclude>
    <ClInclude Include="..\..\..\..\MCPE-Headers\EntityRenderer.h">
      <Filter>header</Filter>
    </ClInclude>
    <ClInclude Include="..\..\..\..\MCPE-Headers\EntityShaderManager.h">
      <Filter>header</Filter>
    </ClInclude>
    <ClInclude Include="..\..\..\..\MCPE-Headers\EntityType.h">
      <Filter>header</Filter>
    </ClInclude>
    <ClInclude Include="..\..\..\..\MCPE-Headers\ExhaustionAttributeDelegate.h">
      <Filter>header</Filter>
    </ClInclude>
    <ClInclude Include="..\..\..\..\MCPE-Headers\Feature.h">
      <Filter>header</Filter>
    </ClInclude>
    <ClInclude Include="..\..\..\..\MCPE-Headers\FillingContainer.h">
      <Filter>header</Filter>
    </ClInclude>
    <ClInclude Include="..\..\..\..\MCPE-Headers\Fireball.h">
      <Filter>header</Filter>
    </ClInclude>
    <ClInclude Include="..\..\..\..\MCPE-Headers\FloatGoal.h">
      <Filter>header</Filter>
    </ClInclude>
    <ClInclude Include="..\..\..\..\MCPE-Headers\GameCallbacks.h">
      <Filter>header</Filter>
    </ClInclude>
    <ClInclude Include="..\..\..\..\MCPE-Headers\GameMode.h">
      <Filter>header</Filter>
    </ClInclude>
    <ClInclude Include="..\..\..\..\MCPE-Headers\GameType.h">
      <Filter>header</Filter>
    </ClInclude>
    <ClInclude Include="..\..\..\..\MCPE-Headers\GeneratorType.h">
      <Filter>header</Filter>
    </ClInclude>
    <ClInclude Include="..\..\..\..\MCPE-Headers\GeometryGroup.h">
      <Filter>header</Filter>
    </ClInclude>
    <ClInclude Include="..\..\..\..\MCPE-Headers\Goal.h">
      <Filter>header</Filter>
    </ClInclude>
    <ClInclude Include="..\..\..\..\MCPE-Headers\GoalSelector.h">
      <Filter>header</Filter>
    </ClInclude>
    <ClInclude Include="..\..\..\..\MCPE-Headers\GuiComponent.h">
      <Filter>header</Filter>
    </ClInclude>
    <ClInclude Include="..\..\..\..\MCPE-Headers\GuiElement.h">
      <Filter>header</Filter>
    </ClInclude>
    <ClInclude Include="..\..\..\..\MCPE-Headers\GuiElementContainer.h">
      <Filter>header</Filter>
    </ClInclude>
    <ClInclude Include="..\..\..\..\MCPE-Headers\HealthAttributeDelegate.h">
      <Filter>header</Filter>
    </ClInclude>
    <ClInclude Include="..\..\..\..\MCPE-Headers\HellDimension.h">
      <Filter>header</Filter>
    </ClInclude>
    <ClInclude Include="..\..\..\..\MCPE-Headers\HitResult.h">
      <Filter>header</Filter>
    </ClInclude>
    <ClInclude Include="..\..\..\..\MCPE-Headers\HudScreenController.h">
      <Filter>header</Filter>
    </ClInclude>
    <ClInclude Include="..\..\..\..\MCPE-Headers\HumanoidMobRenderer.h">
      <Filter>header</Filter>
    </ClInclude>
    <ClInclude Include="..\..\..\..\MCPE-Headers\HumanoidModel.h">
      <Filter>header</Filter>
    </ClInclude>
    <ClInclude Include="..\..\..\..\MCPE-Headers\HumanoidMonster.h">
      <Filter>header</Filter>
    </ClInclude>
    <ClInclude Include="..\..\..\..\MCPE-Headers\HungerAttributeDelegate.h">
      <Filter>header</Filter>
    </ClInclude>
    <ClInclude Include="..\..\..\..\MCPE-Headers\I18n.h">
      <Filter>header</Filter>
    </ClInclude>
    <ClInclude Include="..\..\..\..\MCPE-Headers\IceSpikeFeature.h">
      <Filter>header</Filter>
    </ClInclude>
    <ClInclude Include="..\..\..\..\MCPE-Headers\IConfigListener.h">
      <Filter>header</Filter>
    </ClInclude>
    <ClInclude Include="..\..\..\..\MCPE-Headers\InstantaneousAttributeBuff.h">
      <Filter>header</Filter>
    </ClInclude>
    <ClInclude Include="..\..\..\..\MCPE-Headers\Inventory.h">
      <Filter>header</Filter>
    </ClInclude>
    <ClInclude Include="..\..\..\..\MCPE-Headers\InventoryPane.h">
      <Filter>header</Filter>
    </ClInclude>
    <ClInclude Include="..\..\..\..\MCPE-Headers\Item.h">
      <Filter>header</Filter>
    </ClInclude>
    <ClInclude Include="..\..\..\..\MCPE-Headers\ItemEntity.h">
      <Filter>header</Filter>
    </ClInclude>
    <ClInclude Include="..\..\..\..\MCPE-Headers\ItemInstance.h">
      <Filter>header</Filter>
    </ClInclude>
    <ClInclude Include="..\..\..\..\MCPE-Headers\JumpControl.h">
      <Filter>header</Filter>
    </ClInclude>
    <ClInclude Include="..\..\..\..\MCPE-Headers\LargeFireball.h">
      <Filter>header</Filter>
    </ClInclude>
    <ClInclude Include="..\..\..\..\MCPE-Headers\LegacyClientNetworkHandler.h">
      <Filter>header</Filter>
    </ClInclude>
    <ClInclude Include="..\..\..\..\MCPE-Headers\Level.h">
      <Filter>header</Filter>
    </ClInclude>
    <ClInclude Include="..\..\..\..\MCPE-Headers\LevelData.h">
      <Filter>header</Filter>
    </ClInclude>
    <ClInclude Include="..\..\..\..\MCPE-Headers\LevelEvent.h">
      <Filter>header</Filter>
    </ClInclude>
    <ClInclude Include="..\..\..\..\MCPE-Headers\LevelListener.h">
      <Filter>header</Filter>
    </ClInclude>
    <ClInclude Include="..\..\..\..\MCPE-Headers\LevelSettings.h">
      <Filter>header</Filter>
    </ClInclude>
    <ClInclude Include="..\..\..\..\MCPE-Headers\Localization.h">
      <Filter>header</Filter>
    </ClInclude>
    <ClInclude Include="..\..\..\..\MCPE-Headers\LocalPlayer.h">
      <Filter>header</Filter>
    </ClInclude>
    <ClInclude Include="..\..\..\..\MCPE-Headers\LookAtPlayerGoal.h">
      <Filter>header</Filter>
    </ClInclude>
    <ClInclude Include="..\..\..\..\MCPE-Headers\LookControl.h">
      <Filter>header</Filter>
    </ClInclude>
    <ClInclude Include="..\..\..\..\MCPE-Headers\Material.h">
      <Filter>header</Filter>
    </ClInclude>
    <ClInclude Include="..\..\..\..\MCPE-Headers\Minecraft.h">
      <Filter>header</Filter>
    </ClInclude>
    <ClInclude Include="..\..\..\..\MCPE-Headers\MinecraftClient.h">
      <Filter>header</Filter>
    </ClInclude>
    <ClInclude Include="..\..\..\..\MCPE-Headers\MinecraftInputHandler.h">
      <Filter>header</Filter>
    </ClInclude>
    <ClInclude Include="..\..\..\..\MCPE-Headers\MinecraftKeyboardManager.h">
      <Filter>header</Filter>
    </ClInclude>
    <ClInclude Include="..\..\..\..\MCPE-Headers\MinecraftScreenController.h">
      <Filter>header</Filter>
    </ClInclude>
    <ClInclude Include="..\..\..\..\MCPE-Headers\MinecraftScreenModel.h">
      <Filter>header</Filter>
    </ClInclude>
    <ClInclude Include="..\..\..\..\MCPE-Headers\MinecraftUISoundPlayer.h">
      <Filter>header</Filter>
    </ClInclude>
    <ClInclude Include="..\..\..\..\MCPE-Headers\Mob.h">
      <Filter>header</Filter>
    </ClInclude>
    <ClInclude Include="..\..\..\..\MCPE-Headers\MobEffectInstance.h">
      <Filter>header</Filter>
    </ClInclude>
    <ClInclude Include="..\..\..\..\MCPE-Headers\MobFactory.h">
      <Filter>header</Filter>
    </ClInclude>
    <ClInclude Include="..\..\..\..\MCPE-Headers\MobRenderer.h">
      <Filter>header</Filter>
    </ClInclude>
    <ClInclude Include="..\..\..\..\MCPE-Headers\Model.h">
      <Filter>header</Filter>
    </ClInclude>
    <ClInclude Include="..\..\..\..\MCPE-Headers\Monster.h">
      <Filter>header</Filter>
    </ClInclude>
    <ClInclude Include="..\..\..\..\MCPE-Headers\MonsterRoomFeature.h">
      <Filter>header</Filter>
    </ClInclude>
    <ClInclude Include="..\..\..\..\MCPE-Headers\MoveControl.h">
      <Filter>header</Filter>
    </ClInclude>
    <ClInclude Include="..\..\..\..\MCPE-Headers\NameRegistry.h">
      <Filter>header</Filter>
    </ClInclude>
    <ClInclude Include="..\..\..\..\MCPE-Headers\NetEventCallback.h">
      <Filter>header</Filter>
    </ClInclude>
    <ClInclude Include="..\..\..\..\MCPE-Headers\NewType.h">
      <Filter>header</Filter>
    </ClInclude>
    <ClInclude Include="..\..\..\..\MCPE-Headers\NormalDimension.h">
      <Filter>header</Filter>
    </ClInclude>
    <ClInclude Include="..\..\..\..\MCPE-Headers\OptionsScreen.h">
      <Filter>header</Filter>
    </ClInclude>
    <ClInclude Include="..\..\..\..\MCPE-Headers\ParticleType.h">
      <Filter>header</Filter>
    </ClInclude>
    <ClInclude Include="..\..\..\..\MCPE-Headers\PathfinderMob.h">
      <Filter>header</Filter>
    </ClInclude>
    <ClInclude Include="..\..\..\..\MCPE-Headers\PermissionsHandler.h">
      <Filter>header</Filter>
    </ClInclude>
    <ClInclude Include="..\..\..\..\MCPE-Headers\PigZombie.h">
      <Filter>header</Filter>
    </ClInclude>
    <ClInclude Include="..\..\..\..\MCPE-Headers\Player.h">
      <Filter>header</Filter>
    </ClInclude>
    <ClInclude Include="..\..\..\..\MCPE-Headers\PlayerModel.h">
      <Filter>header</Filter>
    </ClInclude>
    <ClInclude Include="..\..\..\..\MCPE-Headers\PropertyBag.h">
      <Filter>header</Filter>
    </ClInclude>
    <ClInclude Include="..\..\..\..\MCPE-Headers\PumpkinFeature.h">
      <Filter>header</Filter>
    </ClInclude>
    <ClInclude Include="..\..\..\..\MCPE-Headers\Random.h">
      <Filter>header</Filter>
    </ClInclude>
    <ClInclude Include="..\..\..\..\MCPE-Headers\RandomLookAroundGoal.h">
      <Filter>header</Filter>
    </ClInclude>
    <ClInclude Include="..\..\..\..\MCPE-Headers\RandomStrollGoal.h">
      <Filter>header</Filter>
    </ClInclude>
    <ClInclude Include="..\..\..\..\MCPE-Headers\RemovedEntityDamageByType.h">
      <Filter>header</Filter>
    </ClInclude>
    <ClInclude Include="..\..\..\..\MCPE-Headers\Resource.h">
      <Filter>header</Filter>
    </ClInclude>
    <ClInclude Include="..\..\..\..\MCPE-Headers\Options.h">
      <Filter>header</Filter>
    </ClInclude>
    <ClInclude Include="..\..\..\..\MCPE-Headers\OptionsGroup.h">
      <Filter>header</Filter>
    </ClInclude>
    <ClInclude Include="..\..\..\..\MCPE-Headers\PackedScrollContainer.h">
      <Filter>header</Filter>
    </ClInclude>
    <ClInclude Include="..\..\..\..\MCPE-Headers\OptionsPane.h">
      <Filter>header</Filter>
    </ClInclude>
    <ClInclude Include="..\..\..\..\MCPE-Headers\AppPlatform_android23.h">
      <Filter>header</Filter>
    </ClInclude>
    <ClInclude Include="hook\hook.h">
      <Filter>hook</Filter>
    </ClInclude>
  </ItemGroup>
</Project>